// !$*UTF8*$!
{
	archiveVersion = 1;
	classes = {
	};
	objectVersion = 77;
	objects = {

/* Begin PBXContainerItemProxy section */
		0422BE372D0EDCAA003F04B2 /* PBXContainerItemProxy */ = {
			isa = PBXContainerItemProxy;
			containerPortal = 0422BE1E2D0EDCA8003F04B2 /* Project object */;
			proxyType = 1;
			remoteGlobalIDString = 0422BE252D0EDCA8003F04B2;
			remoteInfo = TheSquareGame;
		};
		0422BE412D0EDCAA003F04B2 /* PBXContainerItemProxy */ = {
			isa = PBXContainerItemProxy;
			containerPortal = 0422BE1E2D0EDCA8003F04B2 /* Project object */;
			proxyType = 1;
			remoteGlobalIDString = 0422BE252D0EDCA8003F04B2;
			remoteInfo = TheSquareGame;
		};
/* End PBXContainerItemProxy section */

/* Begin PBXFileReference section */
		0422BE262D0EDCA8003F04B2 /* TheSquareGame.app */ = {isa = PBXFileReference; explicitFileType = wrapper.application; includeInIndex = 0; path = TheSquareGame.app; sourceTree = BUILT_PRODUCTS_DIR; };
		0422BE362D0EDCAA003F04B2 /* TheSquareGameTests.xctest */ = {isa = PBXFileReference; explicitFileType = wrapper.cfbundle; includeInIndex = 0; path = TheSquareGameTests.xctest; sourceTree = BUILT_PRODUCTS_DIR; };
		0422BE402D0EDCAA003F04B2 /* TheSquareGameUITests.xctest */ = {isa = PBXFileReference; explicitFileType = wrapper.cfbundle; includeInIndex = 0; path = TheSquareGameUITests.xctest; sourceTree = BUILT_PRODUCTS_DIR; };
/* End PBXFileReference section */

/* Begin PBXFileSystemSynchronizedRootGroup section */
		0422BE282D0EDCA8003F04B2 /* TheSquareGame */ = {
			isa = PBXFileSystemSynchronizedRootGroup;
			path = TheSquareGame;
			sourceTree = "<group>";
		};
		0422BE392D0EDCAA003F04B2 /* TheSquareGameTests */ = {
			isa = PBXFileSystemSynchronizedRootGroup;
			path = TheSquareGameTests;
			sourceTree = "<group>";
		};
		0422BE432D0EDCAA003F04B2 /* TheSquareGameUITests */ = {
			isa = PBXFileSystemSynchronizedRootGroup;
			path = TheSquareGameUITests;
			sourceTree = "<group>";
		};
/* End PBXFileSystemSynchronizedRootGroup section */

/* Begin PBXFrameworksBuildPhase section */
		0422BE232D0EDCA8003F04B2 /* Frameworks */ = {
			isa = PBXFrameworksBuildPhase;
			buildActionMask = 2147483647;
			files = (
			);
			runOnlyForDeploymentPostprocessing = 0;
		};
		0422BE332D0EDCAA003F04B2 /* Frameworks */ = {
			isa = PBXFrameworksBuildPhase;
			buildActionMask = 2147483647;
			files = (
			);
			runOnlyForDeploymentPostprocessing = 0;
		};
		0422BE3D2D0EDCAA003F04B2 /* Frameworks */ = {
			isa = PBXFrameworksBuildPhase;
			buildActionMask = 2147483647;
			files = (
			);
			runOnlyForDeploymentPostprocessing = 0;
		};
/* End PBXFrameworksBuildPhase section */

/* Begin PBXGroup section */
		0422BE1D2D0EDCA8003F04B2 = {
			isa = PBXGroup;
			children = (
				0422BE282D0EDCA8003F04B2 /* TheSquareGame */,
				0422BE392D0EDCAA003F04B2 /* TheSquareGameTests */,
				0422BE432D0EDCAA003F04B2 /* TheSquareGameUITests */,
				0422BE272D0EDCA8003F04B2 /* Products */,
			);
			sourceTree = "<group>";
		};
		0422BE272D0EDCA8003F04B2 /* Products */ = {
			isa = PBXGroup;
			children = (
				0422BE262D0EDCA8003F04B2 /* TheSquareGame.app */,
				0422BE362D0EDCAA003F04B2 /* TheSquareGameTests.xctest */,
				0422BE402D0EDCAA003F04B2 /* TheSquareGameUITests.xctest */,
			);
			name = Products;
			sourceTree = "<group>";
		};
/* End PBXGroup section */

/* Begin PBXNativeTarget section */
		0422BE252D0EDCA8003F04B2 /* TheSquareGame */ = {
			isa = PBXNativeTarget;
			buildConfigurationList = 0422BE4A2D0EDCAA003F04B2 /* Build configuration list for PBXNativeTarget "TheSquareGame" */;
			buildPhases = (
				0422BE222D0EDCA8003F04B2 /* Sources */,
				0422BE232D0EDCA8003F04B2 /* Frameworks */,
				0422BE242D0EDCA8003F04B2 /* Resources */,
			);
			buildRules = (
			);
			dependencies = (
			);
			fileSystemSynchronizedGroups = (
				0422BE282D0EDCA8003F04B2 /* TheSquareGame */,
			);
			name = TheSquareGame;
			packageProductDependencies = (
			);
			productName = TheSquareGame;
			productReference = 0422BE262D0EDCA8003F04B2 /* TheSquareGame.app */;
			productType = "com.apple.product-type.application";
		};
		0422BE352D0EDCAA003F04B2 /* TheSquareGameTests */ = {
			isa = PBXNativeTarget;
			buildConfigurationList = 0422BE4D2D0EDCAA003F04B2 /* Build configuration list for PBXNativeTarget "TheSquareGameTests" */;
			buildPhases = (
				0422BE322D0EDCAA003F04B2 /* Sources */,
				0422BE332D0EDCAA003F04B2 /* Frameworks */,
				0422BE342D0EDCAA003F04B2 /* Resources */,
			);
			buildRules = (
			);
			dependencies = (
				0422BE382D0EDCAA003F04B2 /* PBXTargetDependency */,
			);
			fileSystemSynchronizedGroups = (
				0422BE392D0EDCAA003F04B2 /* TheSquareGameTests */,
			);
			name = TheSquareGameTests;
			packageProductDependencies = (
			);
			productName = TheSquareGameTests;
			productReference = 0422BE362D0EDCAA003F04B2 /* TheSquareGameTests.xctest */;
			productType = "com.apple.product-type.bundle.unit-test";
		};
		0422BE3F2D0EDCAA003F04B2 /* TheSquareGameUITests */ = {
			isa = PBXNativeTarget;
			buildConfigurationList = 0422BE502D0EDCAA003F04B2 /* Build configuration list for PBXNativeTarget "TheSquareGameUITests" */;
			buildPhases = (
				0422BE3C2D0EDCAA003F04B2 /* Sources */,
				0422BE3D2D0EDCAA003F04B2 /* Frameworks */,
				0422BE3E2D0EDCAA003F04B2 /* Resources */,
			);
			buildRules = (
			);
			dependencies = (
				0422BE422D0EDCAA003F04B2 /* PBXTargetDependency */,
			);
			fileSystemSynchronizedGroups = (
				0422BE432D0EDCAA003F04B2 /* TheSquareGameUITests */,
			);
			name = TheSquareGameUITests;
			packageProductDependencies = (
			);
			productName = TheSquareGameUITests;
			productReference = 0422BE402D0EDCAA003F04B2 /* TheSquareGameUITests.xctest */;
			productType = "com.apple.product-type.bundle.ui-testing";
		};
/* End PBXNativeTarget section */

/* Begin PBXProject section */
		0422BE1E2D0EDCA8003F04B2 /* Project object */ = {
			isa = PBXProject;
			attributes = {
				BuildIndependentTargetsInParallel = 1;
				LastSwiftUpdateCheck = 1620;
				LastUpgradeCheck = 1620;
				TargetAttributes = {
					0422BE252D0EDCA8003F04B2 = {
						CreatedOnToolsVersion = 16.2;
					};
					0422BE352D0EDCAA003F04B2 = {
						CreatedOnToolsVersion = 16.2;
						TestTargetID = 0422BE252D0EDCA8003F04B2;
					};
					0422BE3F2D0EDCAA003F04B2 = {
						CreatedOnToolsVersion = 16.2;
						TestTargetID = 0422BE252D0EDCA8003F04B2;
					};
				};
			};
			buildConfigurationList = 0422BE212D0EDCA8003F04B2 /* Build configuration list for PBXProject "TheSquareGame" */;
			developmentRegion = en;
			hasScannedForEncodings = 0;
			knownRegions = (
				en,
				Base,
			);
			mainGroup = 0422BE1D2D0EDCA8003F04B2;
			minimizedProjectReferenceProxies = 1;
			preferredProjectObjectVersion = 77;
			productRefGroup = 0422BE272D0EDCA8003F04B2 /* Products */;
			projectDirPath = "";
			projectRoot = "";
			targets = (
				0422BE252D0EDCA8003F04B2 /* TheSquareGame */,
				0422BE352D0EDCAA003F04B2 /* TheSquareGameTests */,
				0422BE3F2D0EDCAA003F04B2 /* TheSquareGameUITests */,
			);
		};
/* End PBXProject section */

/* Begin PBXResourcesBuildPhase section */
		0422BE242D0EDCA8003F04B2 /* Resources */ = {
			isa = PBXResourcesBuildPhase;
			buildActionMask = 2147483647;
			files = (
			);
			runOnlyForDeploymentPostprocessing = 0;
		};
		0422BE342D0EDCAA003F04B2 /* Resources */ = {
			isa = PBXResourcesBuildPhase;
			buildActionMask = 2147483647;
			files = (
			);
			runOnlyForDeploymentPostprocessing = 0;
		};
		0422BE3E2D0EDCAA003F04B2 /* Resources */ = {
			isa = PBXResourcesBuildPhase;
			buildActionMask = 2147483647;
			files = (
			);
			runOnlyForDeploymentPostprocessing = 0;
		};
/* End PBXResourcesBuildPhase section */

/* Begin PBXSourcesBuildPhase section */
		0422BE222D0EDCA8003F04B2 /* Sources */ = {
			isa = PBXSourcesBuildPhase;
			buildActionMask = 2147483647;
			files = (
			);
			runOnlyForDeploymentPostprocessing = 0;
		};
		0422BE322D0EDCAA003F04B2 /* Sources */ = {
			isa = PBXSourcesBuildPhase;
			buildActionMask = 2147483647;
			files = (
			);
			runOnlyForDeploymentPostprocessing = 0;
		};
		0422BE3C2D0EDCAA003F04B2 /* Sources */ = {
			isa = PBXSourcesBuildPhase;
			buildActionMask = 2147483647;
			files = (
			);
			runOnlyForDeploymentPostprocessing = 0;
		};
/* End PBXSourcesBuildPhase section */

/* Begin PBXTargetDependency section */
		0422BE382D0EDCAA003F04B2 /* PBXTargetDependency */ = {
			isa = PBXTargetDependency;
			target = 0422BE252D0EDCA8003F04B2 /* TheSquareGame */;
			targetProxy = 0422BE372D0EDCAA003F04B2 /* PBXContainerItemProxy */;
		};
		0422BE422D0EDCAA003F04B2 /* PBXTargetDependency */ = {
			isa = PBXTargetDependency;
			target = 0422BE252D0EDCA8003F04B2 /* TheSquareGame */;
			targetProxy = 0422BE412D0EDCAA003F04B2 /* PBXContainerItemProxy */;
		};
/* End PBXTargetDependency section */

/* Begin XCBuildConfiguration section */
		0422BE482D0EDCAA003F04B2 /* Debug */ = {
			isa = XCBuildConfiguration;
			buildSettings = {
				ALWAYS_SEARCH_USER_PATHS = NO;
				ASSETCATALOG_COMPILER_GENERATE_SWIFT_ASSET_SYMBOL_EXTENSIONS = YES;
				CLANG_ANALYZER_NONNULL = YES;
				CLANG_ANALYZER_NUMBER_OBJECT_CONVERSION = YES_AGGRESSIVE;
				CLANG_CXX_LANGUAGE_STANDARD = "gnu++20";
				CLANG_ENABLE_MODULES = YES;
				CLANG_ENABLE_OBJC_ARC = YES;
				CLANG_ENABLE_OBJC_WEAK = YES;
				CLANG_WARN_BLOCK_CAPTURE_AUTORELEASING = YES;
				CLANG_WARN_BOOL_CONVERSION = YES;
				CLANG_WARN_COMMA = YES;
				CLANG_WARN_CONSTANT_CONVERSION = YES;
				CLANG_WARN_DEPRECATED_OBJC_IMPLEMENTATIONS = YES;
				CLANG_WARN_DIRECT_OBJC_ISA_USAGE = YES_ERROR;
				CLANG_WARN_DOCUMENTATION_COMMENTS = YES;
				CLANG_WARN_EMPTY_BODY = YES;
				CLANG_WARN_ENUM_CONVERSION = YES;
				CLANG_WARN_INFINITE_RECURSION = YES;
				CLANG_WARN_INT_CONVERSION = YES;
				CLANG_WARN_NON_LITERAL_NULL_CONVERSION = YES;
				CLANG_WARN_OBJC_IMPLICIT_RETAIN_SELF = YES;
				CLANG_WARN_OBJC_LITERAL_CONVERSION = YES;
				CLANG_WARN_OBJC_ROOT_CLASS = YES_ERROR;
				CLANG_WARN_QUOTED_INCLUDE_IN_FRAMEWORK_HEADER = YES;
				CLANG_WARN_RANGE_LOOP_ANALYSIS = YES;
				CLANG_WARN_STRICT_PROTOTYPES = YES;
				CLANG_WARN_SUSPICIOUS_MOVE = YES;
				CLANG_WARN_UNGUARDED_AVAILABILITY = YES_AGGRESSIVE;
				CLANG_WARN_UNREACHABLE_CODE = YES;
				CLANG_WARN__DUPLICATE_METHOD_MATCH = YES;
				COPY_PHASE_STRIP = NO;
				DEBUG_INFORMATION_FORMAT = dwarf;
				ENABLE_STRICT_OBJC_MSGSEND = YES;
				ENABLE_TESTABILITY = YES;
				ENABLE_USER_SCRIPT_SANDBOXING = YES;
				GCC_C_LANGUAGE_STANDARD = gnu17;
				GCC_DYNAMIC_NO_PIC = NO;
				GCC_NO_COMMON_BLOCKS = YES;
				GCC_OPTIMIZATION_LEVEL = 0;
				GCC_PREPROCESSOR_DEFINITIONS = (
					"DEBUG=1",
					"$(inherited)",
				);
				GCC_WARN_64_TO_32_BIT_CONVERSION = YES;
				GCC_WARN_ABOUT_RETURN_TYPE = YES_ERROR;
				GCC_WARN_UNDECLARED_SELECTOR = YES;
				GCC_WARN_UNINITIALIZED_AUTOS = YES_AGGRESSIVE;
				GCC_WARN_UNUSED_FUNCTION = YES;
				GCC_WARN_UNUSED_VARIABLE = YES;
				IPHONEOS_DEPLOYMENT_TARGET = 18.2;
				LOCALIZATION_PREFERS_STRING_CATALOGS = YES;
				MTL_ENABLE_DEBUG_INFO = INCLUDE_SOURCE;
				MTL_FAST_MATH = YES;
				ONLY_ACTIVE_ARCH = YES;
				SDKROOT = iphoneos;
				SWIFT_ACTIVE_COMPILATION_CONDITIONS = "DEBUG $(inherited)";
				SWIFT_OPTIMIZATION_LEVEL = "-Onone";
			};
			name = Debug;
		};
		0422BE492D0EDCAA003F04B2 /* Release */ = {
			isa = XCBuildConfiguration;
			buildSettings = {
				ALWAYS_SEARCH_USER_PATHS = NO;
				ASSETCATALOG_COMPILER_GENERATE_SWIFT_ASSET_SYMBOL_EXTENSIONS = YES;
				CLANG_ANALYZER_NONNULL = YES;
				CLANG_ANALYZER_NUMBER_OBJECT_CONVERSION = YES_AGGRESSIVE;
				CLANG_CXX_LANGUAGE_STANDARD = "gnu++20";
				CLANG_ENABLE_MODULES = YES;
				CLANG_ENABLE_OBJC_ARC = YES;
				CLANG_ENABLE_OBJC_WEAK = YES;
				CLANG_WARN_BLOCK_CAPTURE_AUTORELEASING = YES;
				CLANG_WARN_BOOL_CONVERSION = YES;
				CLANG_WARN_COMMA = YES;
				CLANG_WARN_CONSTANT_CONVERSION = YES;
				CLANG_WARN_DEPRECATED_OBJC_IMPLEMENTATIONS = YES;
				CLANG_WARN_DIRECT_OBJC_ISA_USAGE = YES_ERROR;
				CLANG_WARN_DOCUMENTATION_COMMENTS = YES;
				CLANG_WARN_EMPTY_BODY = YES;
				CLANG_WARN_ENUM_CONVERSION = YES;
				CLANG_WARN_INFINITE_RECURSION = YES;
				CLANG_WARN_INT_CONVERSION = YES;
				CLANG_WARN_NON_LITERAL_NULL_CONVERSION = YES;
				CLANG_WARN_OBJC_IMPLICIT_RETAIN_SELF = YES;
				CLANG_WARN_OBJC_LITERAL_CONVERSION = YES;
				CLANG_WARN_OBJC_ROOT_CLASS = YES_ERROR;
				CLANG_WARN_QUOTED_INCLUDE_IN_FRAMEWORK_HEADER = YES;
				CLANG_WARN_RANGE_LOOP_ANALYSIS = YES;
				CLANG_WARN_STRICT_PROTOTYPES = YES;
				CLANG_WARN_SUSPICIOUS_MOVE = YES;
				CLANG_WARN_UNGUARDED_AVAILABILITY = YES_AGGRESSIVE;
				CLANG_WARN_UNREACHABLE_CODE = YES;
				CLANG_WARN__DUPLICATE_METHOD_MATCH = YES;
				COPY_PHASE_STRIP = NO;
				DEBUG_INFORMATION_FORMAT = "dwarf-with-dsym";
				ENABLE_NS_ASSERTIONS = NO;
				ENABLE_STRICT_OBJC_MSGSEND = YES;
				ENABLE_USER_SCRIPT_SANDBOXING = YES;
				GCC_C_LANGUAGE_STANDARD = gnu17;
				GCC_NO_COMMON_BLOCKS = YES;
				GCC_WARN_64_TO_32_BIT_CONVERSION = YES;
				GCC_WARN_ABOUT_RETURN_TYPE = YES_ERROR;
				GCC_WARN_UNDECLARED_SELECTOR = YES;
				GCC_WARN_UNINITIALIZED_AUTOS = YES_AGGRESSIVE;
				GCC_WARN_UNUSED_FUNCTION = YES;
				GCC_WARN_UNUSED_VARIABLE = YES;
				IPHONEOS_DEPLOYMENT_TARGET = 18.2;
				LOCALIZATION_PREFERS_STRING_CATALOGS = YES;
				MTL_ENABLE_DEBUG_INFO = NO;
				MTL_FAST_MATH = YES;
				SDKROOT = iphoneos;
				SWIFT_COMPILATION_MODE = wholemodule;
				VALIDATE_PRODUCT = YES;
			};
			name = Release;
		};
		0422BE4B2D0EDCAA003F04B2 /* Debug */ = {
			isa = XCBuildConfiguration;
			buildSettings = {
				ASSETCATALOG_COMPILER_APPICON_NAME = AppIcon;
				ASSETCATALOG_COMPILER_GLOBAL_ACCENT_COLOR_NAME = AccentColor;
				CODE_SIGN_STYLE = Automatic;
				CURRENT_PROJECT_VERSION = 1;
				DEVELOPMENT_ASSET_PATHS = "\"TheSquareGame/Preview Content\"";
				ENABLE_PREVIEWS = YES;
				GENERATE_INFOPLIST_FILE = YES;
				INFOPLIST_KEY_UIApplicationSceneManifest_Generation = YES;
				INFOPLIST_KEY_UIApplicationSupportsIndirectInputEvents = YES;
				INFOPLIST_KEY_UILaunchScreen_Generation = YES;
				INFOPLIST_KEY_UISupportedInterfaceOrientations_iPad = "UIInterfaceOrientationPortrait UIInterfaceOrientationPortraitUpsideDown UIInterfaceOrientationLandscapeLeft UIInterfaceOrientationLandscapeRight";
				INFOPLIST_KEY_UISupportedInterfaceOrientations_iPhone = "UIInterfaceOrientationPortrait UIInterfaceOrientationLandscapeLeft UIInterfaceOrientationLandscapeRight";
				LD_RUNPATH_SEARCH_PATHS = (
					"$(inherited)",
					"@executable_path/Frameworks",
				);
				MARKETING_VERSION = 1.0;
				PRODUCT_BUNDLE_IDENTIFIER = Dilshan.TheSquareGame;
				PRODUCT_NAME = "$(TARGET_NAME)";
				SWIFT_EMIT_LOC_STRINGS = YES;
				SWIFT_VERSION = 5.0;
				TARGETED_DEVICE_FAMILY = "1,2";
			};
			name = Debug;
		};
		0422BE4C2D0EDCAA003F04B2 /* Release */ = {
			isa = XCBuildConfiguration;
			buildSettings = {
				ASSETCATALOG_COMPILER_APPICON_NAME = AppIcon;
				ASSETCATALOG_COMPILER_GLOBAL_ACCENT_COLOR_NAME = AccentColor;
				CODE_SIGN_STYLE = Automatic;
				CURRENT_PROJECT_VERSION = 1;
				DEVELOPMENT_ASSET_PATHS = "\"TheSquareGame/Preview Content\"";
				ENABLE_PREVIEWS = YES;
				GENERATE_INFOPLIST_FILE = YES;
				INFOPLIST_KEY_UIApplicationSceneManifest_Generation = YES;
				INFOPLIST_KEY_UIApplicationSupportsIndirectInputEvents = YES;
				INFOPLIST_KEY_UILaunchScreen_Generation = YES;
				INFOPLIST_KEY_UISupportedInterfaceOrientations_iPad = "UIInterfaceOrientationPortrait UIInterfaceOrientationPortraitUpsideDown UIInterfaceOrientationLandscapeLeft UIInterfaceOrientationLandscapeRight";
				INFOPLIST_KEY_UISupportedInterfaceOrientations_iPhone = "UIInterfaceOrientationPortrait UIInterfaceOrientationLandscapeLeft UIInterfaceOrientationLandscapeRight";
				LD_RUNPATH_SEARCH_PATHS = (
					"$(inherited)",
					"@executable_path/Frameworks",
				);
				MARKETING_VERSION = 1.0;
				PRODUCT_BUNDLE_IDENTIFIER = Dilshan.TheSquareGame;
				PRODUCT_NAME = "$(TARGET_NAME)";
				SWIFT_EMIT_LOC_STRINGS = YES;
				SWIFT_VERSION = 5.0;
				TARGETED_DEVICE_FAMILY = "1,2";
			};
			name = Release;
		};
		0422BE4E2D0EDCAA003F04B2 /* Debug */ = {
			isa = XCBuildConfiguration;
			buildSettings = {
				BUNDLE_LOADER = "$(TEST_HOST)";
				CODE_SIGN_STYLE = Automatic;
				CURRENT_PROJECT_VERSION = 1;
				GENERATE_INFOPLIST_FILE = YES;
				IPHONEOS_DEPLOYMENT_TARGET = 18.2;
				MARKETING_VERSION = 1.0;
				PRODUCT_BUNDLE_IDENTIFIER = Dilshan.TheSquareGameTests;
				PRODUCT_NAME = "$(TARGET_NAME)";
				SWIFT_EMIT_LOC_STRINGS = NO;
				SWIFT_VERSION = 5.0;
				TARGETED_DEVICE_FAMILY = "1,2";
				TEST_HOST = "$(BUILT_PRODUCTS_DIR)/TheSquareGame.app/$(BUNDLE_EXECUTABLE_FOLDER_PATH)/TheSquareGame";
			};
			name = Debug;
		};
		0422BE4F2D0EDCAA003F04B2 /* Release */ = {
			isa = XCBuildConfiguration;
			buildSettings = {
				BUNDLE_LOADER = "$(TEST_HOST)";
				CODE_SIGN_STYLE = Automatic;
				CURRENT_PROJECT_VERSION = 1;
				GENERATE_INFOPLIST_FILE = YES;
				IPHONEOS_DEPLOYMENT_TARGET = 18.2;
				MARKETING_VERSION = 1.0;
				PRODUCT_BUNDLE_IDENTIFIER = Dilshan.TheSquareGameTests;
				PRODUCT_NAME = "$(TARGET_NAME)";
				SWIFT_EMIT_LOC_STRINGS = NO;
				SWIFT_VERSION = 5.0;
				TARGETED_DEVICE_FAMILY = "1,2";
				TEST_HOST = "$(BUILT_PRODUCTS_DIR)/TheSquareGame.app/$(BUNDLE_EXECUTABLE_FOLDER_PATH)/TheSquareGame";
			};
			name = Release;
		};
		0422BE512D0EDCAA003F04B2 /* Debug */ = {
			isa = XCBuildConfiguration;
			buildSettings = {
				CODE_SIGN_STYLE = Automatic;
				CURRENT_PROJECT_VERSION = 1;
				GENERATE_INFOPLIST_FILE = YES;
				MARKETING_VERSION = 1.0;
				PRODUCT_BUNDLE_IDENTIFIER = Dilshan.TheSquareGameUITests;
				PRODUCT_NAME = "$(TARGET_NAME)";
				SWIFT_EMIT_LOC_STRINGS = NO;
				SWIFT_VERSION = 5.0;
				TARGETED_DEVICE_FAMILY = "1,2";
				TEST_TARGET_NAME = TheSquareGame;
			};
			name = Debug;
		};
		0422BE522D0EDCAA003F04B2 /* Release */ = {
			isa = XCBuildConfiguration;
			buildSettings = {
				CODE_SIGN_STYLE = Automatic;
				CURRENT_PROJECT_VERSION = 1;
				GENERATE_INFOPLIST_FILE = YES;
				MARKETING_VERSION = 1.0;
				PRODUCT_BUNDLE_IDENTIFIER = Dilshan.TheSquareGameUITests;
				PRODUCT_NAME = "$(TARGET_NAME)";
				SWIFT_EMIT_LOC_STRINGS = NO;
				SWIFT_VERSION = 5.0;
				TARGETED_DEVICE_FAMILY = "1,2";
				TEST_TARGET_NAME = TheSquareGame;
			};
			name = Release;
		};
/* End XCBuildConfiguration section */

/* Begin XCConfigurationList section */
		0422BE212D0EDCA8003F04B2 /* Build configuration list for PBXProject "TheSquareGame" */ = {
			isa = XCConfigurationList;
			buildConfigurations = (
				0422BE482D0EDCAA003F04B2 /* Debug */,
				0422BE492D0EDCAA003F04B2 /* Release */,
			);
			defaultConfigurationIsVisible = 0;
			defaultConfigurationName = Release;
		};
		0422BE4A2D0EDCAA003F04B2 /* Build configuration list for PBXNativeTarget "TheSquareGame" */ = {
			isa = XCConfigurationList;
			buildConfigurations = (
				0422BE4B2D0EDCAA003F04B2 /* Debug */,
				0422BE4C2D0EDCAA003F04B2 /* Release */,
			);
			defaultConfigurationIsVisible = 0;
			defaultConfigurationName = Release;
		};
		0422BE4D2D0EDCAA003F04B2 /* Build configuration list for PBXNativeTarget "TheSquareGameTests" */ = {
			isa = XCConfigurationList;
			buildConfigurations = (
				0422BE4E2D0EDCAA003F04B2 /* Debug */,
				0422BE4F2D0EDCAA003F04B2 /* Release */,
			);
			defaultConfigurationIsVisible = 0;
			defaultConfigurationName = Release;
		};
		0422BE502D0EDCAA003F04B2 /* Build configuration list for PBXNativeTarget "TheSquareGameUITests" */ = {
			isa = XCConfigurationList;
			buildConfigurations = (
				0422BE512D0EDCAA003F04B2 /* Debug */,
				0422BE522D0EDCAA003F04B2 /* Release */,
			);
			defaultConfigurationIsVisible = 0;
			defaultConfigurationName = Release;
		};
/* End XCConfigurationList section */
	};
	rootObject = 0422BE1E2D0EDCA8003F04B2 /* Project object */;
}
